// !$*UTF8*$!
{
	archiveVersion = 1;
	classes = {
	};
	objectVersion = 50;
	objects = {

/* Begin PBXBuildFile section */
		AB71C32820A24323003561AE /* AppDelegate.swift in Sources */ = {isa = PBXBuildFile; fileRef = AB71C32720A24323003561AE /* AppDelegate.swift */; };
		AB71C32A20A24323003561AE /* ViewController.swift in Sources */ = {isa = PBXBuildFile; fileRef = AB71C32920A24323003561AE /* ViewController.swift */; };
		AB71C32D20A24323003561AE /* Main.storyboard in Resources */ = {isa = PBXBuildFile; fileRef = AB71C32B20A24323003561AE /* Main.storyboard */; };
		AB71C33020A24323003561AE /* Shopify_Order_Summary.xcdatamodeld in Sources */ = {isa = PBXBuildFile; fileRef = AB71C32E20A24323003561AE /* Shopify_Order_Summary.xcdatamodeld */; };
		AB71C33220A24325003561AE /* Assets.xcassets in Resources */ = {isa = PBXBuildFile; fileRef = AB71C33120A24325003561AE /* Assets.xcassets */; };
		AB71C33520A24325003561AE /* LaunchScreen.storyboard in Resources */ = {isa = PBXBuildFile; fileRef = AB71C33320A24325003561AE /* LaunchScreen.storyboard */; };
/* End PBXBuildFile section */

/* Begin PBXFileReference section */
		AB71C32420A24323003561AE /* Shopify_Order_Summary.app */ = {isa = PBXFileReference; explicitFileType = wrapper.application; includeInIndex = 0; path = Shopify_Order_Summary.app; sourceTree = BUILT_PRODUCTS_DIR; };
		AB71C32720A24323003561AE /* AppDelegate.swift */ = {isa = PBXFileReference; lastKnownFileType = sourcecode.swift; path = AppDelegate.swift; sourceTree = "<group>"; };
		AB71C32920A24323003561AE /* ViewController.swift */ = {isa = PBXFileReference; lastKnownFileType = sourcecode.swift; path = ViewController.swift; sourceTree = "<group>"; };
		AB71C32C20A24323003561AE /* Base */ = {isa = PBXFileReference; lastKnownFileType = file.storyboard; name = Base; path = Base.lproj/Main.storyboard; sourceTree = "<group>"; };
		AB71C32F20A24323003561AE /* Shopify_Order_Summary.xcdatamodel */ = {isa = PBXFileReference; lastKnownFileType = wrapper.xcdatamodel; path = Shopify_Order_Summary.xcdatamodel; sourceTree = "<group>"; };
		AB71C33120A24325003561AE /* Assets.xcassets */ = {isa = PBXFileReference; lastKnownFileType = folder.assetcatalog; path = Assets.xcassets; sourceTree = "<group>"; };
		AB71C33420A24325003561AE /* Base */ = {isa = PBXFileReference; lastKnownFileType = file.storyboard; name = Base; path = Base.lproj/LaunchScreen.storyboard; sourceTree = "<group>"; };
		AB71C33620A24325003561AE /* Info.plist */ = {isa = PBXFileReference; lastKnownFileType = text.plist.xml; path = Info.plist; sourceTree = "<group>"; };
/* End PBXFileReference section */

/* Begin PBXFrameworksBuildPhase section */
		AB71C32120A24323003561AE /* Frameworks */ = {
			isa = PBXFrameworksBuildPhase;
			buildActionMask = 2147483647;
			files = (
			);
			runOnlyForDeploymentPostprocessing = 0;
		};
/* End PBXFrameworksBuildPhase section */

/* Begin PBXGroup section */
		AB71C31B20A24323003561AE = {
			isa = PBXGroup;
			children = (
				AB71C32620A24323003561AE /* Shopify_Order_Summary */,
				AB71C32520A24323003561AE /* Products */,
			);
			sourceTree = "<group>";
		};
		AB71C32520A24323003561AE /* Products */ = {
			isa = PBXGroup;
			children = (
				AB71C32420A24323003561AE /* Shopify_Order_Summary.app */,
			);
			name = Products;
			sourceTree = "<group>";
		};
		AB71C32620A24323003561AE /* Shopify_Order_Summary */ = {
			isa = PBXGroup;
			children = (
				AB71C32720A24323003561AE /* AppDelegate.swift */,
				AB71C32920A24323003561AE /* ViewController.swift */,
				AB71C32B20A24323003561AE /* Main.storyboard */,
				AB71C33120A24325003561AE /* Assets.xcassets */,
				AB71C33320A24325003561AE /* LaunchScreen.storyboard */,
				AB71C33620A24325003561AE /* Info.plist */,
				AB71C32E20A24323003561AE /* Shopify_Order_Summary.xcdatamodeld */,
			);
			path = Shopify_Order_Summary;
			sourceTree = "<group>";
		};
/* End PBXGroup section */

/* Begin PBXNativeTarget section */
		AB71C32320A24323003561AE /* Shopify_Order_Summary */ = {
			isa = PBXNativeTarget;
			buildConfigurationList = AB71C33920A24325003561AE /* Build configuration list for PBXNativeTarget "Shopify_Order_Summary" */;
			buildPhases = (
				AB71C32020A24323003561AE /* Sources */,
				AB71C32120A24323003561AE /* Frameworks */,
				AB71C32220A24323003561AE /* Resources */,
			);
			buildRules = (
			);
			dependencies = (
			);
			name = Shopify_Order_Summary;
			productName = Shopify_Order_Summary;
			productReference = AB71C32420A24323003561AE /* Shopify_Order_Summary.app */;
			productType = "com.apple.product-type.application";
		};
/* End PBXNativeTarget section */

/* Begin PBXProject section */
		AB71C31C20A24323003561AE /* Project object */ = {
			isa = PBXProject;
			attributes = {
				LastSwiftUpdateCheck = 0930;
				LastUpgradeCheck = 0930;
				ORGANIZATIONNAME = "Yucheng Yan";
				TargetAttributes = {
					AB71C32320A24323003561AE = {
						CreatedOnToolsVersion = 9.3;
					};
				};
			};
			buildConfigurationList = AB71C31F20A24323003561AE /* Build configuration list for PBXProject "Shopify_Order_Summary" */;
			compatibilityVersion = "Xcode 9.3";
			developmentRegion = en;
			hasScannedForEncodings = 0;
			knownRegions = (
				en,
				Base,
			);
			mainGroup = AB71C31B20A24323003561AE;
			productRefGroup = AB71C32520A24323003561AE /* Products */;
			projectDirPath = "";
			projectRoot = "";
			targets = (
				AB71C32320A24323003561AE /* Shopify_Order_Summary */,
			);
		};
/* End PBXProject section */

/* Begin PBXResourcesBuildPhase section */
		AB71C32220A24323003561AE /* Resources */ = {
			isa = PBXResourcesBuildPhase;
			buildActionMask = 2147483647;
			files = (
				AB71C33520A24325003561AE /* LaunchScreen.storyboard in Resources */,
				AB71C33220A24325003561AE /* Assets.xcassets in Resources */,
				AB71C32D20A24323003561AE /* Main.storyboard in Resources */,
			);
			runOnlyForDeploymentPostprocessing = 0;
		};
/* End PBXResourcesBuildPhase section */

/* Begin PBXSourcesBuildPhase section */
		AB71C32020A24323003561AE /* Sources */ = {
			isa = PBXSourcesBuildPhase;
			buildActionMask = 2147483647;
			files = (
				AB71C33020A24323003561AE /* Shopify_Order_Summary.xcdatamodeld in Sources */,
				AB71C32A20A24323003561AE /* ViewController.swift in Sources */,
				AB71C32820A24323003561AE /* AppDelegate.swift in Sources */,
			);
			runOnlyForDeploymentPostprocessing = 0;
		};
/* End PBXSourcesBuildPhase section */

/* Begin PBXVariantGroup section */
		AB71C32B20A24323003561AE /* Main.storyboard */ = {
			isa = PBXVariantGroup;
			children = (
				AB71C32C20A24323003561AE /* Base */,
			);
			name = Main.storyboard;
			sourceTree = "<group>";
		};
		AB71C33320A24325003561AE /* LaunchScreen.storyboard */ = {
			isa = PBXVariantGroup;
			children = (
				AB71C33420A24325003561AE /* Base */,
			);
			name = LaunchScreen.storyboard;
			sourceTree = "<group>";
		};
/* End PBXVariantGroup section */

/* Begin XCBuildConfiguration section */
		AB71C33720A24325003561AE /* Debug */ = {
			isa = XCBuildConfiguration;
			buildSettings = {
				ALWAYS_SEARCH_USER_PATHS = NO;
				CLANG_ANALYZER_NONNULL = YES;
				CLANG_ANALYZER_NUMBER_OBJECT_CONVERSION = YES_AGGRESSIVE;
				CLANG_CXX_LANGUAGE_STANDARD = "gnu++14";
				CLANG_CXX_LIBRARY = "libc++";
				CLANG_ENABLE_MODULES = YES;
				CLANG_ENABLE_OBJC_ARC = YES;
				CLANG_ENABLE_OBJC_WEAK = YES;
				CLANG_WARN_BLOCK_CAPTURE_AUTORELEASING = YES;
				CLANG_WARN_BOOL_CONVERSION = YES;
				CLANG_WARN_COMMA = YES;
				CLANG_WARN_CONSTANT_CONVERSION = YES;
				CLANG_WARN_DEPRECATED_OBJC_IMPLEMENTATIONS = YES;
				CLANG_WARN_DIRECT_OBJC_ISA_USAGE = YES_ERROR;
				CLANG_WARN_DOCUMENTATION_COMMENTS = YES;
				CLANG_WARN_EMPTY_BODY = YES;
				CLANG_WARN_ENUM_CONVERSION = YES;
				CLANG_WARN_INFINITE_RECURSION = YES;
				CLANG_WARN_INT_CONVERSION = YES;
				CLANG_WARN_NON_LITERAL_NULL_CONVERSION = YES;
				CLANG_WARN_OBJC_IMPLICIT_RETAIN_SELF = YES;
				CLANG_WARN_OBJC_LITERAL_CONVERSION = YES;
				CLANG_WARN_OBJC_ROOT_CLASS = YES_ERROR;
				CLANG_WARN_RANGE_LOOP_ANALYSIS = YES;
				CLANG_WARN_STRICT_PROTOTYPES = YES;
				CLANG_WARN_SUSPICIOUS_MOVE = YES;
				CLANG_WARN_UNGUARDED_AVAILABILITY = YES_AGGRESSIVE;
				CLANG_WARN_UNREACHABLE_CODE = YES;
				CLANG_WARN__DUPLICATE_METHOD_MATCH = YES;
				CODE_SIGN_IDENTITY = "iPhone Developer";
				COPY_PHASE_STRIP = NO;
				DEBUG_INFORMATION_FORMAT = dwarf;
				ENABLE_STRICT_OBJC_MSGSEND = YES;
				ENABLE_TESTABILITY = YES;
				GCC_C_LANGUAGE_STANDARD = gnu11;
				GCC_DYNAMIC_NO_PIC = NO;
				GCC_NO_COMMON_BLOCKS = YES;
				GCC_OPTIMIZATION_LEVEL = 0;
				GCC_PREPROCESSOR_DEFINITIONS = (
					"DEBUG=1",
					"$(inherited)",
				);
				GCC_WARN_64_TO_32_BIT_CONVERSION = YES;
				GCC_WARN_ABOUT_RETURN_TYPE = YES_ERROR;
				GCC_WARN_UNDECLARED_SELECTOR = YES;
				GCC_WARN_UNINITIALIZED_AUTOS = YES_AGGRESSIVE;
				GCC_WARN_UNUSED_FUNCTION = YES;
				GCC_WARN_UNUSED_VARIABLE = YES;
				IPHONEOS_DEPLOYMENT_TARGET = 11.3;
				MTL_ENABLE_DEBUG_INFO = YES;
				ONLY_ACTIVE_ARCH = YES;
				SDKROOT = iphoneos;
				SWIFT_ACTIVE_COMPILATION_CONDITIONS = DEBUG;
				SWIFT_OPTIMIZATION_LEVEL = "-Onone";
			};
			name = Debug;
		};
		AB71C33820A24325003561AE /* Release */ = {
			isa = XCBuildConfiguration;
			buildSettings = {
				ALWAYS_SEARCH_USER_PATHS = NO;
				CLANG_ANALYZER_NONNULL = YES;
				CLANG_ANALYZER_NUMBER_OBJECT_CONVERSION = YES_AGGRESSIVE;
				CLANG_CXX_LANGUAGE_STANDARD = "gnu++14";
				CLANG_CXX_LIBRARY = "libc++";
				CLANG_ENABLE_MODULES = YES;
				CLANG_ENABLE_OBJC_ARC = YES;
				CLANG_ENABLE_OBJC_WEAK = YES;
				CLANG_WARN_BLOCK_CAPTURE_AUTORELEASING = YES;
				CLANG_WARN_BOOL_CONVERSION = YES;
				CLANG_WARN_COMMA = YES;
				CLANG_WARN_CONSTANT_CONVERSION = YES;
				CLANG_WARN_DEPRECATED_OBJC_IMPLEMENTATIONS = YES;
				CLANG_WARN_DIRECT_OBJC_ISA_USAGE = YES_ERROR;
				CLANG_WARN_DOCUMENTATION_COMMENTS = YES;
				CLANG_WARN_EMPTY_BODY = YES;
				CLANG_WARN_ENUM_CONVERSION = YES;
				CLANG_WARN_INFINITE_RECURSION = YES;
				CLANG_WARN_INT_CONVERSION = YES;
				CLANG_WARN_NON_LITERAL_NULL_CONVERSION = YES;
				CLANG_WARN_OBJC_IMPLICIT_RETAIN_SELF = YES;
				CLANG_WARN_OBJC_LITERAL_CONVERSION = YES;
				CLANG_WARN_OBJC_ROOT_CLASS = YES_ERROR;
				CLANG_WARN_RANGE_LOOP_ANALYSIS = YES;
				CLANG_WARN_STRICT_PROTOTYPES = YES;
				CLANG_WARN_SUSPICIOUS_MOVE = YES;
				CLANG_WARN_UNGUARDED_AVAILABILITY = YES_AGGRESSIVE;
				CLANG_WARN_UNREACHABLE_CODE = YES;
				CLANG_WARN__DUPLICATE_METHOD_MATCH = YES;
				CODE_SIGN_IDENTITY = "iPhone Developer";
				COPY_PHASE_STRIP = NO;
				DEBUG_INFORMATION_FORMAT = "dwarf-with-dsym";
				ENABLE_NS_ASSERTIONS = NO;
				ENABLE_STRICT_OBJC_MSGSEND = YES;
				GCC_C_LANGUAGE_STANDARD = gnu11;
				GCC_NO_COMMON_BLOCKS = YES;
				GCC_WARN_64_TO_32_BIT_CONVERSION = YES;
				GCC_WARN_ABOUT_RETURN_TYPE = YES_ERROR;
				GCC_WARN_UNDECLARED_SELECTOR = YES;
				GCC_WARN_UNINITIALIZED_AUTOS = YES_AGGRESSIVE;
				GCC_WARN_UNUSED_FUNCTION = YES;
				GCC_WARN_UNUSED_VARIABLE = YES;
				IPHONEOS_DEPLOYMENT_TARGET = 11.3;
				MTL_ENABLE_DEBUG_INFO = NO;
				SDKROOT = iphoneos;
				SWIFT_COMPILATION_MODE = wholemodule;
				SWIFT_OPTIMIZATION_LEVEL = "-O";
				VALIDATE_PRODUCT = YES;
			};
			name = Release;
		};
		AB71C33A20A24325003561AE /* Debug */ = {
			isa = XCBuildConfiguration;
			buildSettings = {
				ASSETCATALOG_COMPILER_APPICON_NAME = AppIcon;
				CODE_SIGN_STYLE = Automatic;
				DEVELOPMENT_TEAM = 7923SC2646;
				INFOPLIST_FILE = Shopify_Order_Summary/Info.plist;
				LD_RUNPATH_SEARCH_PATHS = (
					"$(inherited)",
					"@executable_path/Frameworks",
				);
				PRODUCT_BUNDLE_IDENTIFIER = "com.yucheng.Shopify-Order-Summary";
				PRODUCT_NAME = "$(TARGET_NAME)";
				SWIFT_VERSION = 4.0;
				TARGETED_DEVICE_FAMILY = "1,2";
			};
			name = Debug;
		};
		AB71C33B20A24325003561AE /* Release */ = {
			isa = XCBuildConfiguration;
			buildSettings = {
				ASSETCATALOG_COMPILER_APPICON_NAME = AppIcon;
				CODE_SIGN_STYLE = Automatic;
				DEVELOPMENT_TEAM = 7923SC2646;
				INFOPLIST_FILE = Shopify_Order_Summary/Info.plist;
				LD_RUNPATH_SEARCH_PATHS = (
					"$(inherited)",
					"@executable_path/Frameworks",
				);
				PRODUCT_BUNDLE_IDENTIFIER = "com.yucheng.Shopify-Order-Summary";
				PRODUCT_NAME = "$(TARGET_NAME)";
				SWIFT_VERSION = 4.0;
				TARGETED_DEVICE_FAMILY = "1,2";
			};
			name = Release;
		};
/* End XCBuildConfiguration section */

/* Begin XCConfigurationList section */
		AB71C31F20A24323003561AE /* Build configuration list for PBXProject "Shopify_Order_Summary" */ = {
			isa = XCConfigurationList;
			buildConfigurations = (
				AB71C33720A24325003561AE /* Debug */,
				AB71C33820A24325003561AE /* Release */,
			);
			defaultConfigurationIsVisible = 0;
			defaultConfigurationName = Release;
		};
		AB71C33920A24325003561AE /* Build configuration list for PBXNativeTarget "Shopify_Order_Summary" */ = {
			isa = XCConfigurationList;
			buildConfigurations = (
				AB71C33A20A24325003561AE /* Debug */,
				AB71C33B20A24325003561AE /* Release */,
			);
			defaultConfigurationIsVisible = 0;
			defaultConfigurationName = Release;
		};
/* End XCConfigurationList section */

/* Begin XCVersionGroup section */
		AB71C32E20A24323003561AE /* Shopify_Order_Summary.xcdatamodeld */ = {
			isa = XCVersionGroup;
			children = (
				AB71C32F20A24323003561AE /* Shopify_Order_Summary.xcdatamodel */,
			);
			currentVersion = AB71C32F20A24323003561AE /* Shopify_Order_Summary.xcdatamodel */;
			path = Shopify_Order_Summary.xcdatamodeld;
			sourceTree = "<group>";
			versionGroupType = wrapper.xcdatamodel;
		};
/* End XCVersionGroup section */
	};
	rootObject = AB71C31C20A24323003561AE /* Project object */;
}
